{
  "name": "@kuflow/kuflow-rest-generator",
  "version": "0.0.1",
  "lockfileVersion": 3,
  "requires": true,
  "packages": {
    "": {
      "name": "@kuflow/kuflow-rest-generator",
      "version": "0.0.1",
      "devDependencies": {
        "autorest": "3.7.1"
      }
    },
    "node_modules/autorest": {
      "version": "3.7.1",
      "resolved": "https://repository.devops.kuflow.com/repository/npm-group/autorest/-/autorest-3.7.1.tgz",
      "integrity": "sha512-6q17NtosQZPqBkIOUnaOPedf3PDIBF7Ha1iEGRhTqZF6TG2Q/1E3ID/D+ePIIzZDKvW01p/2pENq/oiBWH9IGQ==",
      "dev": true,
      "hasInstallScript": true,
      "license": "MIT",
      "bin": {
        "autorest": "entrypoints/app.js"
      },
      "engines": {
        "node": ">=12.0.0"
      }
    }
  }
}
